// !$*UTF8*$!
{
	archiveVersion = 1;
	classes = {
	};
	objectVersion = 56;
	objects = {

/* Begin PBXBuildFile section */
		A10000010000000000000001 /* GoalsApp.swift in Sources */ = {isa = PBXBuildFile; fileRef = A20000010000000000000001 /* GoalsApp.swift */; };
		A10000010000000000000002 /* ContentView.swift in Sources */ = {isa = PBXBuildFile; fileRef = A20000010000000000000002 /* ContentView.swift */; };
		A10000010000000000000003 /* SidebarView.swift in Sources */ = {isa = PBXBuildFile; fileRef = A20000010000000000000003 /* SidebarView.swift */; };
		A10000010000000000000004 /* GoalDetailView.swift in Sources */ = {isa = PBXBuildFile; fileRef = A20000010000000000000004 /* GoalDetailView.swift */; };
		A10000010000000000000005 /* NewGoalSheet.swift in Sources */ = {isa = PBXBuildFile; fileRef = A20000010000000000000005 /* NewGoalSheet.swift */; };
		A10000010000000000000006 /* Goal.swift in Sources */ = {isa = PBXBuildFile; fileRef = A20000010000000000000006 /* Goal.swift */; };
		A10000010000000000000007 /* Book.swift in Sources */ = {isa = PBXBuildFile; fileRef = A20000010000000000000007 /* Book.swift */; };
		A10000010000000000000008 /* Chapter.swift in Sources */ = {isa = PBXBuildFile; fileRef = A20000010000000000000008 /* Chapter.swift */; };
		A10000010000000000000009 /* ChapterNote.swift in Sources */ = {isa = PBXBuildFile; fileRef = A20000010000000000000009 /* ChapterNote.swift */; };
		A10000010000000000000010 /* TrainingSession.swift in Sources */ = {isa = PBXBuildFile; fileRef = A20000010000000000000010 /* TrainingSession.swift */; };
		A10000010000000000000011 /* GitHubRepository.swift in Sources */ = {isa = PBXBuildFile; fileRef = A20000010000000000000011 /* GitHubRepository.swift */; };
		A10000010000000000000012 /* CommitActivity.swift in Sources */ = {isa = PBXBuildFile; fileRef = A20000010000000000000012 /* CommitActivity.swift */; };
		A10000010000000000000013 /* BookGoalDetailView.swift in Sources */ = {isa = PBXBuildFile; fileRef = A20000010000000000000013 /* BookGoalDetailView.swift */; };
		A10000010000000000000014 /* BookDetailView.swift in Sources */ = {isa = PBXBuildFile; fileRef = A20000010000000000000014 /* BookDetailView.swift */; };
		A10000010000000000000015 /* AddBookSheet.swift in Sources */ = {isa = PBXBuildFile; fileRef = A20000010000000000000015 /* AddBookSheet.swift */; };
		A10000010000000000000016 /* ChapterSheets.swift in Sources */ = {isa = PBXBuildFile; fileRef = A20000010000000000000016 /* ChapterSheets.swift */; };
		A10000010000000000000017 /* FitnessGoalDetailView.swift in Sources */ = {isa = PBXBuildFile; fileRef = A20000010000000000000017 /* FitnessGoalDetailView.swift */; };
		A10000010000000000000018 /* AddTrainingSessionSheet.swift in Sources */ = {isa = PBXBuildFile; fileRef = A20000010000000000000018 /* AddTrainingSessionSheet.swift */; };
		A10000010000000000000019 /* ProgrammingGoalDetailView.swift in Sources */ = {isa = PBXBuildFile; fileRef = A20000010000000000000019 /* ProgrammingGoalDetailView.swift */; };
		A10000010000000000000020 /* AddRepositorySheet.swift in Sources */ = {isa = PBXBuildFile; fileRef = A20000010000000000000020 /* AddRepositorySheet.swift */; };
		A10000010000000000000021 /* SettingsView.swift in Sources */ = {isa = PBXBuildFile; fileRef = A20000010000000000000021 /* SettingsView.swift */; };
		A10000010000000000000022 /* GoalRowView.swift in Sources */ = {isa = PBXBuildFile; fileRef = A20000010000000000000022 /* GoalRowView.swift */; };
		A10000010000000000000023 /* ProgressBarView.swift in Sources */ = {isa = PBXBuildFile; fileRef = A20000010000000000000023 /* ProgressBarView.swift */; };
		A10000010000000000000024 /* CoverImageView.swift in Sources */ = {isa = PBXBuildFile; fileRef = A20000010000000000000024 /* CoverImageView.swift */; };
		A10000010000000000000025 /* EmptyStateView.swift in Sources */ = {isa = PBXBuildFile; fileRef = A20000010000000000000025 /* EmptyStateView.swift */; };
		A10000010000000000000026 /* BookAPIService.swift in Sources */ = {isa = PBXBuildFile; fileRef = A20000010000000000000026 /* BookAPIService.swift */; };
		A10000010000000000000027 /* GitHubAuthService.swift in Sources */ = {isa = PBXBuildFile; fileRef = A20000010000000000000027 /* GitHubAuthService.swift */; };
		A10000010000000000000028 /* GitHubAPIService.swift in Sources */ = {isa = PBXBuildFile; fileRef = A20000010000000000000028 /* GitHubAPIService.swift */; };
		A10000010000000000000029 /* ClaudeService.swift in Sources */ = {isa = PBXBuildFile; fileRef = A20000010000000000000029 /* ClaudeService.swift */; };
		A10000010000000000000030 /* KeychainManager.swift in Sources */ = {isa = PBXBuildFile; fileRef = A20000010000000000000030 /* KeychainManager.swift */; };
		A10000010000000000000031 /* Constants.swift in Sources */ = {isa = PBXBuildFile; fileRef = A20000010000000000000031 /* Constants.swift */; };
		A10000010000000000000032 /* Date+Extensions.swift in Sources */ = {isa = PBXBuildFile; fileRef = A20000010000000000000032 /* Date+Extensions.swift */; };
		A10000010000000000000033 /* Color+Extensions.swift in Sources */ = {isa = PBXBuildFile; fileRef = A20000010000000000000033 /* Color+Extensions.swift */; };
		A10000010000000000000034 /* PreviewData.swift in Sources */ = {isa = PBXBuildFile; fileRef = A20000010000000000000034 /* PreviewData.swift */; };
		A10000010000000000000035 /* Assets.xcassets in Resources */ = {isa = PBXBuildFile; fileRef = A20000010000000000000035 /* Assets.xcassets */; };
		A10000010000000000000036 /* OverviewView.swift in Sources */ = {isa = PBXBuildFile; fileRef = A20000010000000000000036 /* OverviewView.swift */; };
		A10000010000000000000100 /* ReadingSession.swift in Sources */ = {isa = PBXBuildFile; fileRef = A20000010000000000000100 /* ReadingSession.swift */; };
		A10000010000000000000101 /* FitnessGoalType.swift in Sources */ = {isa = PBXBuildFile; fileRef = A20000010000000000000101 /* FitnessGoalType.swift */; };
		A10000010000000000000102 /* FitnessGoalConfig.swift in Sources */ = {isa = PBXBuildFile; fileRef = A20000010000000000000102 /* FitnessGoalConfig.swift */; };
		A10000010000000000000103 /* PersonalRecord.swift in Sources */ = {isa = PBXBuildFile; fileRef = A20000010000000000000103 /* PersonalRecord.swift */; };
		A10000010000000000000104 /* AppProject.swift in Sources */ = {isa = PBXBuildFile; fileRef = A20000010000000000000104 /* AppProject.swift */; };
		A10000010000000000000105 /* RevenueEntry.swift in Sources */ = {isa = PBXBuildFile; fileRef = A20000010000000000000105 /* RevenueEntry.swift */; };
		A10000010000000000000106 /* StarHistory.swift in Sources */ = {isa = PBXBuildFile; fileRef = A20000010000000000000106 /* StarHistory.swift */; };
		A10000010000000000000110 /* AnimatedProgressRing.swift in Sources */ = {isa = PBXBuildFile; fileRef = A20000010000000000000110 /* AnimatedProgressRing.swift */; };
		A10000010000000000000111 /* StreakBadge.swift in Sources */ = {isa = PBXBuildFile; fileRef = A20000010000000000000111 /* StreakBadge.swift */; };
		A10000010000000000000112 /* TrendIndicator.swift in Sources */ = {isa = PBXBuildFile; fileRef = A20000010000000000000112 /* TrendIndicator.swift */; };
		A10000010000000000000113 /* SparklineChart.swift in Sources */ = {isa = PBXBuildFile; fileRef = A20000010000000000000113 /* SparklineChart.swift */; };
		A10000010000000000000120 /* CurrentlyReadingCard.swift in Sources */ = {isa = PBXBuildFile; fileRef = A20000010000000000000120 /* CurrentlyReadingCard.swift */; };
		A10000010000000000000121 /* ReadingStatsView.swift in Sources */ = {isa = PBXBuildFile; fileRef = A20000010000000000000121 /* ReadingStatsView.swift */; };
		A10000010000000000000122 /* LogReadingSheet.swift in Sources */ = {isa = PBXBuildFile; fileRef = A20000010000000000000122 /* LogReadingSheet.swift */; };
		A10000010000000000000130 /* PersonalRecordsView.swift in Sources */ = {isa = PBXBuildFile; fileRef = A20000010000000000000130 /* PersonalRecordsView.swift */; };
		A10000010000000000000131 /* RaceTrainingDashboard.swift in Sources */ = {isa = PBXBuildFile; fileRef = A20000010000000000000131 /* RaceTrainingDashboard.swift */; };
		A10000010000000000000132 /* SetupFitnessGoalSheet.swift in Sources */ = {isa = PBXBuildFile; fileRef = A20000010000000000000132 /* SetupFitnessGoalSheet.swift */; };
		A10000010000000000000133 /* PaceComparisonCard.swift in Sources */ = {isa = PBXBuildFile; fileRef = A20000010000000000000133 /* PaceComparisonCard.swift */; };
		A10000010000000000000134 /* TrainingPhaseTimeline.swift in Sources */ = {isa = PBXBuildFile; fileRef = A20000010000000000000134 /* TrainingPhaseTimeline.swift */; };
		A10000010000000000000135 /* WeeklyMileageChart.swift in Sources */ = {isa = PBXBuildFile; fileRef = A20000010000000000000135 /* WeeklyMileageChart.swift */; };
		A10000010000000000000140 /* AddAppProjectSheet.swift in Sources */ = {isa = PBXBuildFile; fileRef = A20000010000000000000140 /* AddAppProjectSheet.swift */; };
		A10000010000000000000141 /* AddRevenueSheet.swift in Sources */ = {isa = PBXBuildFile; fileRef = A20000010000000000000141 /* AddRevenueSheet.swift */; };
		A10000010000000000000142 /* AppProjectCard.swift in Sources */ = {isa = PBXBuildFile; fileRef = A20000010000000000000142 /* AppProjectCard.swift */; };
		A10000010000000000000143 /* RevenueChart.swift in Sources */ = {isa = PBXBuildFile; fileRef = A20000010000000000000143 /* RevenueChart.swift */; };
		A10000010000000000000144 /* StarTrendChart.swift in Sources */ = {isa = PBXBuildFile; fileRef = A20000010000000000000144 /* StarTrendChart.swift */; };
/* End PBXBuildFile section */

/* Begin PBXFileReference section */
		A20000010000000000000001 /* GoalsApp.swift */ = {isa = PBXFileReference; lastKnownFileType = sourcecode.swift; path = GoalsApp.swift; sourceTree = "<group>"; };
		A20000010000000000000002 /* ContentView.swift */ = {isa = PBXFileReference; lastKnownFileType = sourcecode.swift; path = ContentView.swift; sourceTree = "<group>"; };
		A20000010000000000000003 /* SidebarView.swift */ = {isa = PBXFileReference; lastKnownFileType = sourcecode.swift; path = SidebarView.swift; sourceTree = "<group>"; };
		A20000010000000000000004 /* GoalDetailView.swift */ = {isa = PBXFileReference; lastKnownFileType = sourcecode.swift; path = GoalDetailView.swift; sourceTree = "<group>"; };
		A20000010000000000000005 /* NewGoalSheet.swift */ = {isa = PBXFileReference; lastKnownFileType = sourcecode.swift; path = NewGoalSheet.swift; sourceTree = "<group>"; };
		A20000010000000000000006 /* Goal.swift */ = {isa = PBXFileReference; lastKnownFileType = sourcecode.swift; path = Goal.swift; sourceTree = "<group>"; };
		A20000010000000000000007 /* Book.swift */ = {isa = PBXFileReference; lastKnownFileType = sourcecode.swift; path = Book.swift; sourceTree = "<group>"; };
		A20000010000000000000008 /* Chapter.swift */ = {isa = PBXFileReference; lastKnownFileType = sourcecode.swift; path = Chapter.swift; sourceTree = "<group>"; };
		A20000010000000000000009 /* ChapterNote.swift */ = {isa = PBXFileReference; lastKnownFileType = sourcecode.swift; path = ChapterNote.swift; sourceTree = "<group>"; };
		A20000010000000000000010 /* TrainingSession.swift */ = {isa = PBXFileReference; lastKnownFileType = sourcecode.swift; path = TrainingSession.swift; sourceTree = "<group>"; };
		A20000010000000000000011 /* GitHubRepository.swift */ = {isa = PBXFileReference; lastKnownFileType = sourcecode.swift; path = GitHubRepository.swift; sourceTree = "<group>"; };
		A20000010000000000000012 /* CommitActivity.swift */ = {isa = PBXFileReference; lastKnownFileType = sourcecode.swift; path = CommitActivity.swift; sourceTree = "<group>"; };
		A20000010000000000000013 /* BookGoalDetailView.swift */ = {isa = PBXFileReference; lastKnownFileType = sourcecode.swift; path = BookGoalDetailView.swift; sourceTree = "<group>"; };
		A20000010000000000000014 /* BookDetailView.swift */ = {isa = PBXFileReference; lastKnownFileType = sourcecode.swift; path = BookDetailView.swift; sourceTree = "<group>"; };
		A20000010000000000000015 /* AddBookSheet.swift */ = {isa = PBXFileReference; lastKnownFileType = sourcecode.swift; path = AddBookSheet.swift; sourceTree = "<group>"; };
		A20000010000000000000016 /* ChapterSheets.swift */ = {isa = PBXFileReference; lastKnownFileType = sourcecode.swift; path = ChapterSheets.swift; sourceTree = "<group>"; };
		A20000010000000000000017 /* FitnessGoalDetailView.swift */ = {isa = PBXFileReference; lastKnownFileType = sourcecode.swift; path = FitnessGoalDetailView.swift; sourceTree = "<group>"; };
		A20000010000000000000018 /* AddTrainingSessionSheet.swift */ = {isa = PBXFileReference; lastKnownFileType = sourcecode.swift; path = AddTrainingSessionSheet.swift; sourceTree = "<group>"; };
		A20000010000000000000019 /* ProgrammingGoalDetailView.swift */ = {isa = PBXFileReference; lastKnownFileType = sourcecode.swift; path = ProgrammingGoalDetailView.swift; sourceTree = "<group>"; };
		A20000010000000000000020 /* AddRepositorySheet.swift */ = {isa = PBXFileReference; lastKnownFileType = sourcecode.swift; path = AddRepositorySheet.swift; sourceTree = "<group>"; };
		A20000010000000000000021 /* SettingsView.swift */ = {isa = PBXFileReference; lastKnownFileType = sourcecode.swift; path = SettingsView.swift; sourceTree = "<group>"; };
		A20000010000000000000022 /* GoalRowView.swift */ = {isa = PBXFileReference; lastKnownFileType = sourcecode.swift; path = GoalRowView.swift; sourceTree = "<group>"; };
		A20000010000000000000023 /* ProgressBarView.swift */ = {isa = PBXFileReference; lastKnownFileType = sourcecode.swift; path = ProgressBarView.swift; sourceTree = "<group>"; };
		A20000010000000000000024 /* CoverImageView.swift */ = {isa = PBXFileReference; lastKnownFileType = sourcecode.swift; path = CoverImageView.swift; sourceTree = "<group>"; };
		A20000010000000000000025 /* EmptyStateView.swift */ = {isa = PBXFileReference; lastKnownFileType = sourcecode.swift; path = EmptyStateView.swift; sourceTree = "<group>"; };
		A20000010000000000000026 /* BookAPIService.swift */ = {isa = PBXFileReference; lastKnownFileType = sourcecode.swift; path = BookAPIService.swift; sourceTree = "<group>"; };
		A20000010000000000000027 /* GitHubAuthService.swift */ = {isa = PBXFileReference; lastKnownFileType = sourcecode.swift; path = GitHubAuthService.swift; sourceTree = "<group>"; };
		A20000010000000000000028 /* GitHubAPIService.swift */ = {isa = PBXFileReference; lastKnownFileType = sourcecode.swift; path = GitHubAPIService.swift; sourceTree = "<group>"; };
		A20000010000000000000029 /* ClaudeService.swift */ = {isa = PBXFileReference; lastKnownFileType = sourcecode.swift; path = ClaudeService.swift; sourceTree = "<group>"; };
		A20000010000000000000030 /* KeychainManager.swift */ = {isa = PBXFileReference; lastKnownFileType = sourcecode.swift; path = KeychainManager.swift; sourceTree = "<group>"; };
		A20000010000000000000031 /* Constants.swift */ = {isa = PBXFileReference; lastKnownFileType = sourcecode.swift; path = Constants.swift; sourceTree = "<group>"; };
		A20000010000000000000032 /* Date+Extensions.swift */ = {isa = PBXFileReference; lastKnownFileType = sourcecode.swift; path = "Date+Extensions.swift"; sourceTree = "<group>"; };
		A20000010000000000000033 /* Color+Extensions.swift */ = {isa = PBXFileReference; lastKnownFileType = sourcecode.swift; path = "Color+Extensions.swift"; sourceTree = "<group>"; };
		A20000010000000000000034 /* PreviewData.swift */ = {isa = PBXFileReference; lastKnownFileType = sourcecode.swift; path = PreviewData.swift; sourceTree = "<group>"; };
		A20000010000000000000035 /* Assets.xcassets */ = {isa = PBXFileReference; lastKnownFileType = folder.assetcatalog; path = Assets.xcassets; sourceTree = "<group>"; };
		A20000010000000000000037 /* Info.plist */ = {isa = PBXFileReference; lastKnownFileType = text.plist.xml; path = Info.plist; sourceTree = "<group>"; };
		A20000010000000000000036 /* OverviewView.swift */ = {isa = PBXFileReference; lastKnownFileType = sourcecode.swift; path = OverviewView.swift; sourceTree = "<group>"; };
		A20000010000000000000100 /* ReadingSession.swift */ = {isa = PBXFileReference; lastKnownFileType = sourcecode.swift; path = ReadingSession.swift; sourceTree = "<group>"; };
		A20000010000000000000101 /* FitnessGoalType.swift */ = {isa = PBXFileReference; lastKnownFileType = sourcecode.swift; path = FitnessGoalType.swift; sourceTree = "<group>"; };
		A20000010000000000000102 /* FitnessGoalConfig.swift */ = {isa = PBXFileReference; lastKnownFileType = sourcecode.swift; path = FitnessGoalConfig.swift; sourceTree = "<group>"; };
		A20000010000000000000103 /* PersonalRecord.swift */ = {isa = PBXFileReference; lastKnownFileType = sourcecode.swift; path = PersonalRecord.swift; sourceTree = "<group>"; };
		A20000010000000000000104 /* AppProject.swift */ = {isa = PBXFileReference; lastKnownFileType = sourcecode.swift; path = AppProject.swift; sourceTree = "<group>"; };
		A20000010000000000000105 /* RevenueEntry.swift */ = {isa = PBXFileReference; lastKnownFileType = sourcecode.swift; path = RevenueEntry.swift; sourceTree = "<group>"; };
		A20000010000000000000106 /* StarHistory.swift */ = {isa = PBXFileReference; lastKnownFileType = sourcecode.swift; path = StarHistory.swift; sourceTree = "<group>"; };
		A20000010000000000000110 /* AnimatedProgressRing.swift */ = {isa = PBXFileReference; lastKnownFileType = sourcecode.swift; path = AnimatedProgressRing.swift; sourceTree = "<group>"; };
		A20000010000000000000111 /* StreakBadge.swift */ = {isa = PBXFileReference; lastKnownFileType = sourcecode.swift; path = StreakBadge.swift; sourceTree = "<group>"; };
		A20000010000000000000112 /* TrendIndicator.swift */ = {isa = PBXFileReference; lastKnownFileType = sourcecode.swift; path = TrendIndicator.swift; sourceTree = "<group>"; };
		A20000010000000000000113 /* SparklineChart.swift */ = {isa = PBXFileReference; lastKnownFileType = sourcecode.swift; path = SparklineChart.swift; sourceTree = "<group>"; };
		A20000010000000000000120 /* CurrentlyReadingCard.swift */ = {isa = PBXFileReference; lastKnownFileType = sourcecode.swift; path = CurrentlyReadingCard.swift; sourceTree = "<group>"; };
		A20000010000000000000121 /* ReadingStatsView.swift */ = {isa = PBXFileReference; lastKnownFileType = sourcecode.swift; path = ReadingStatsView.swift; sourceTree = "<group>"; };
		A20000010000000000000122 /* LogReadingSheet.swift */ = {isa = PBXFileReference; lastKnownFileType = sourcecode.swift; path = LogReadingSheet.swift; sourceTree = "<group>"; };
		A20000010000000000000130 /* PersonalRecordsView.swift */ = {isa = PBXFileReference; lastKnownFileType = sourcecode.swift; path = PersonalRecordsView.swift; sourceTree = "<group>"; };
		A20000010000000000000131 /* RaceTrainingDashboard.swift */ = {isa = PBXFileReference; lastKnownFileType = sourcecode.swift; path = RaceTrainingDashboard.swift; sourceTree = "<group>"; };
		A20000010000000000000132 /* SetupFitnessGoalSheet.swift */ = {isa = PBXFileReference; lastKnownFileType = sourcecode.swift; path = SetupFitnessGoalSheet.swift; sourceTree = "<group>"; };
		A20000010000000000000133 /* PaceComparisonCard.swift */ = {isa = PBXFileReference; lastKnownFileType = sourcecode.swift; path = PaceComparisonCard.swift; sourceTree = "<group>"; };
		A20000010000000000000134 /* TrainingPhaseTimeline.swift */ = {isa = PBXFileReference; lastKnownFileType = sourcecode.swift; path = TrainingPhaseTimeline.swift; sourceTree = "<group>"; };
		A20000010000000000000135 /* WeeklyMileageChart.swift */ = {isa = PBXFileReference; lastKnownFileType = sourcecode.swift; path = WeeklyMileageChart.swift; sourceTree = "<group>"; };
		A20000010000000000000140 /* AddAppProjectSheet.swift */ = {isa = PBXFileReference; lastKnownFileType = sourcecode.swift; path = AddAppProjectSheet.swift; sourceTree = "<group>"; };
		A20000010000000000000141 /* AddRevenueSheet.swift */ = {isa = PBXFileReference; lastKnownFileType = sourcecode.swift; path = AddRevenueSheet.swift; sourceTree = "<group>"; };
		A20000010000000000000142 /* AppProjectCard.swift */ = {isa = PBXFileReference; lastKnownFileType = sourcecode.swift; path = AppProjectCard.swift; sourceTree = "<group>"; };
		A20000010000000000000143 /* RevenueChart.swift */ = {isa = PBXFileReference; lastKnownFileType = sourcecode.swift; path = RevenueChart.swift; sourceTree = "<group>"; };
		A20000010000000000000144 /* StarTrendChart.swift */ = {isa = PBXFileReference; lastKnownFileType = sourcecode.swift; path = StarTrendChart.swift; sourceTree = "<group>"; };
		A30000010000000000000001 /* Goals.app */ = {isa = PBXFileReference; explicitFileType = wrapper.application; includeInIndex = 0; path = Goals.app; sourceTree = BUILT_PRODUCTS_DIR; };
/* End PBXFileReference section */

/* Begin PBXFrameworksBuildPhase section */
		A40000010000000000000001 /* Frameworks */ = {
			isa = PBXFrameworksBuildPhase;
			buildActionMask = 2147483647;
			files = (
			);
			runOnlyForDeploymentPostprocessing = 0;
		};
/* End PBXFrameworksBuildPhase section */

/* Begin PBXGroup section */
		A50000010000000000000001 = {
			isa = PBXGroup;
			children = (
				A50000010000000000000002 /* Goals */,
				A50000010000000000000003 /* Products */,
			);
			sourceTree = "<group>";
		};
		A50000010000000000000002 /* Goals */ = {
			isa = PBXGroup;
			children = (
				A20000010000000000000001 /* GoalsApp.swift */,
				A20000010000000000000037 /* Info.plist */,
				A50000010000000000000004 /* Models */,
				A50000010000000000000008 /* Views */,
				A50000010000000000000014 /* Services */,
				A50000010000000000000018 /* Core */,
				A50000010000000000000021 /* Resources */,
				A50000010000000000000022 /* Preview Content */,
			);
			path = Goals;
			sourceTree = "<group>";
		};
		A50000010000000000000003 /* Products */ = {
			isa = PBXGroup;
			children = (
				A30000010000000000000001 /* Goals.app */,
			);
			name = Products;
			sourceTree = "<group>";
		};
		A50000010000000000000004 /* Models */ = {
			isa = PBXGroup;
			children = (
				A20000010000000000000006 /* Goal.swift */,
				A50000010000000000000005 /* BookGoal */,
				A50000010000000000000006 /* FitnessGoal */,
				A50000010000000000000007 /* ProgrammingGoal */,
			);
			path = Models;
			sourceTree = "<group>";
		};
		A50000010000000000000005 /* BookGoal */ = {
			isa = PBXGroup;
			children = (
				A20000010000000000000007 /* Book.swift */,
				A20000010000000000000008 /* Chapter.swift */,
				A20000010000000000000009 /* ChapterNote.swift */,
				A20000010000000000000100 /* ReadingSession.swift */,
			);
			path = BookGoal;
			sourceTree = "<group>";
		};
		A50000010000000000000006 /* FitnessGoal */ = {
			isa = PBXGroup;
			children = (
				A20000010000000000000010 /* TrainingSession.swift */,
				A20000010000000000000101 /* FitnessGoalType.swift */,
				A20000010000000000000102 /* FitnessGoalConfig.swift */,
				A20000010000000000000103 /* PersonalRecord.swift */,
			);
			path = FitnessGoal;
			sourceTree = "<group>";
		};
		A50000010000000000000007 /* ProgrammingGoal */ = {
			isa = PBXGroup;
			children = (
				A20000010000000000000011 /* GitHubRepository.swift */,
				A20000010000000000000012 /* CommitActivity.swift */,
				A20000010000000000000104 /* AppProject.swift */,
				A20000010000000000000105 /* RevenueEntry.swift */,
				A20000010000000000000106 /* StarHistory.swift */,
			);
			path = ProgrammingGoal;
			sourceTree = "<group>";
		};
		A50000010000000000000008 /* Views */ = {
			isa = PBXGroup;
			children = (
				A50000010000000000000009 /* Main */,
				A50000010000000000000010 /* Books */,
				A50000010000000000000011 /* Fitness */,
				A50000010000000000000012 /* Programming */,
				A50000010000000000000013 /* Settings */,
				A50000010000000000000023 /* Components */,
			);
			path = Views;
			sourceTree = "<group>";
		};
		A50000010000000000000009 /* Main */ = {
			isa = PBXGroup;
			children = (
				A20000010000000000000002 /* ContentView.swift */,
				A20000010000000000000003 /* SidebarView.swift */,
				A20000010000000000000004 /* GoalDetailView.swift */,
				A20000010000000000000005 /* NewGoalSheet.swift */,
				A20000010000000000000036 /* OverviewView.swift */,
			);
			path = Main;
			sourceTree = "<group>";
		};
		A50000010000000000000010 /* Books */ = {
			isa = PBXGroup;
			children = (
				A20000010000000000000013 /* BookGoalDetailView.swift */,
				A20000010000000000000014 /* BookDetailView.swift */,
				A20000010000000000000015 /* AddBookSheet.swift */,
				A20000010000000000000016 /* ChapterSheets.swift */,
				A20000010000000000000120 /* CurrentlyReadingCard.swift */,
				A20000010000000000000121 /* ReadingStatsView.swift */,
				A20000010000000000000122 /* LogReadingSheet.swift */,
			);
			path = Books;
			sourceTree = "<group>";
		};
		A50000010000000000000011 /* Fitness */ = {
			isa = PBXGroup;
			children = (
				A20000010000000000000017 /* FitnessGoalDetailView.swift */,
				A20000010000000000000018 /* AddTrainingSessionSheet.swift */,
				A20000010000000000000130 /* PersonalRecordsView.swift */,
				A20000010000000000000131 /* RaceTrainingDashboard.swift */,
				A20000010000000000000132 /* SetupFitnessGoalSheet.swift */,
				A50000010000000000000050 /* Components */,
			);
			path = Fitness;
			sourceTree = "<group>";
		};
		A50000010000000000000050 /* Components */ = {
			isa = PBXGroup;
			children = (
				A20000010000000000000133 /* PaceComparisonCard.swift */,
				A20000010000000000000134 /* TrainingPhaseTimeline.swift */,
				A20000010000000000000135 /* WeeklyMileageChart.swift */,
			);
			path = Components;
			sourceTree = "<group>";
		};
		A50000010000000000000012 /* Programming */ = {
			isa = PBXGroup;
			children = (
				A20000010000000000000019 /* ProgrammingGoalDetailView.swift */,
				A20000010000000000000020 /* AddRepositorySheet.swift */,
				A20000010000000000000140 /* AddAppProjectSheet.swift */,
				A20000010000000000000141 /* AddRevenueSheet.swift */,
				A50000010000000000000051 /* Components */,
			);
			path = Programming;
			sourceTree = "<group>";
		};
		A50000010000000000000051 /* Components */ = {
			isa = PBXGroup;
			children = (
				A20000010000000000000142 /* AppProjectCard.swift */,
				A20000010000000000000143 /* RevenueChart.swift */,
				A20000010000000000000144 /* StarTrendChart.swift */,
			);
			path = Components;
			sourceTree = "<group>";
		};
		A50000010000000000000013 /* Settings */ = {
			isa = PBXGroup;
			children = (
				A20000010000000000000021 /* SettingsView.swift */,
			);
			path = Settings;
			sourceTree = "<group>";
		};
		A50000010000000000000014 /* Services */ = {
			isa = PBXGroup;
			children = (
				A50000010000000000000015 /* Books */,
				A50000010000000000000016 /* GitHub */,
				A50000010000000000000017 /* AI */,
			);
			path = Services;
			sourceTree = "<group>";
		};
		A50000010000000000000015 /* Books */ = {
			isa = PBXGroup;
			children = (
				A20000010000000000000026 /* BookAPIService.swift */,
			);
			path = Books;
			sourceTree = "<group>";
		};
		A50000010000000000000016 /* GitHub */ = {
			isa = PBXGroup;
			children = (
				A20000010000000000000027 /* GitHubAuthService.swift */,
				A20000010000000000000028 /* GitHubAPIService.swift */,
			);
			path = GitHub;
			sourceTree = "<group>";
		};
		A50000010000000000000017 /* AI */ = {
			isa = PBXGroup;
			children = (
				A20000010000000000000029 /* ClaudeService.swift */,
			);
			path = AI;
			sourceTree = "<group>";
		};
		A50000010000000000000018 /* Core */ = {
			isa = PBXGroup;
			children = (
				A50000010000000000000019 /* Utilities */,
				A50000010000000000000020 /* Extensions */,
			);
			path = Core;
			sourceTree = "<group>";
		};
		A50000010000000000000019 /* Utilities */ = {
			isa = PBXGroup;
			children = (
				A20000010000000000000030 /* KeychainManager.swift */,
				A20000010000000000000031 /* Constants.swift */,
			);
			path = Utilities;
			sourceTree = "<group>";
		};
		A50000010000000000000020 /* Extensions */ = {
			isa = PBXGroup;
			children = (
				A20000010000000000000032 /* Date+Extensions.swift */,
				A20000010000000000000033 /* Color+Extensions.swift */,
			);
			path = Extensions;
			sourceTree = "<group>";
		};
		A50000010000000000000021 /* Resources */ = {
			isa = PBXGroup;
			children = (
				A20000010000000000000035 /* Assets.xcassets */,
			);
			path = Resources;
			sourceTree = "<group>";
		};
		A50000010000000000000022 /* Preview Content */ = {
			isa = PBXGroup;
			children = (
				A20000010000000000000034 /* PreviewData.swift */,
			);
			path = "Preview Content";
			sourceTree = "<group>";
		};
		A50000010000000000000023 /* Components */ = {
			isa = PBXGroup;
			children = (
				A20000010000000000000022 /* GoalRowView.swift */,
				A20000010000000000000023 /* ProgressBarView.swift */,
				A20000010000000000000024 /* CoverImageView.swift */,
				A20000010000000000000025 /* EmptyStateView.swift */,
				A20000010000000000000110 /* AnimatedProgressRing.swift */,
				A20000010000000000000111 /* StreakBadge.swift */,
				A20000010000000000000112 /* TrendIndicator.swift */,
				A20000010000000000000113 /* SparklineChart.swift */,
			);
			path = Components;
			sourceTree = "<group>";
		};
/* End PBXGroup section */

/* Begin PBXNativeTarget section */
		A60000010000000000000001 /* Goals */ = {
			isa = PBXNativeTarget;
			buildConfigurationList = A80000010000000000000001 /* Build configuration list for PBXNativeTarget "Goals" */;
			buildPhases = (
				A70000010000000000000001 /* Sources */,
				A40000010000000000000001 /* Frameworks */,
				A70000010000000000000002 /* Resources */,
			);
			buildRules = (
			);
			dependencies = (
			);
			name = Goals;
			productName = Goals;
			productReference = A30000010000000000000001 /* Goals.app */;
			productType = "com.apple.product-type.application";
		};
/* End PBXNativeTarget section */

/* Begin PBXProject section */
		A90000010000000000000001 /* Project object */ = {
			isa = PBXProject;
			attributes = {
				BuildIndependentTargetsInParallel = 1;
				LastSwiftUpdateCheck = 1500;
				LastUpgradeCheck = 1500;
				TargetAttributes = {
					A60000010000000000000001 = {
						CreatedOnToolsVersion = 15.0;
					};
				};
			};
			buildConfigurationList = A80000010000000000000002 /* Build configuration list for PBXProject "Goals" */;
			compatibilityVersion = "Xcode 14.0";
			developmentRegion = en;
			hasScannedForEncodings = 0;
			knownRegions = (
				en,
				Base,
			);
			mainGroup = A50000010000000000000001;
			productRefGroup = A50000010000000000000003 /* Products */;
			projectDirPath = "";
			projectRoot = "";
			targets = (
				A60000010000000000000001 /* Goals */,
			);
		};
/* End PBXProject section */

/* Begin PBXResourcesBuildPhase section */
		A70000010000000000000002 /* Resources */ = {
			isa = PBXResourcesBuildPhase;
			buildActionMask = 2147483647;
			files = (
				A10000010000000000000035 /* Assets.xcassets in Resources */,
			);
			runOnlyForDeploymentPostprocessing = 0;
		};
/* End PBXResourcesBuildPhase section */

/* Begin PBXSourcesBuildPhase section */
		A70000010000000000000001 /* Sources */ = {
			isa = PBXSourcesBuildPhase;
			buildActionMask = 2147483647;
			files = (
				A10000010000000000000001 /* GoalsApp.swift in Sources */,
				A10000010000000000000002 /* ContentView.swift in Sources */,
				A10000010000000000000003 /* SidebarView.swift in Sources */,
				A10000010000000000000004 /* GoalDetailView.swift in Sources */,
				A10000010000000000000005 /* NewGoalSheet.swift in Sources */,
				A10000010000000000000006 /* Goal.swift in Sources */,
				A10000010000000000000007 /* Book.swift in Sources */,
				A10000010000000000000008 /* Chapter.swift in Sources */,
				A10000010000000000000009 /* ChapterNote.swift in Sources */,
				A10000010000000000000010 /* TrainingSession.swift in Sources */,
				A10000010000000000000011 /* GitHubRepository.swift in Sources */,
				A10000010000000000000012 /* CommitActivity.swift in Sources */,
				A10000010000000000000013 /* BookGoalDetailView.swift in Sources */,
				A10000010000000000000014 /* BookDetailView.swift in Sources */,
				A10000010000000000000015 /* AddBookSheet.swift in Sources */,
				A10000010000000000000016 /* ChapterSheets.swift in Sources */,
				A10000010000000000000017 /* FitnessGoalDetailView.swift in Sources */,
				A10000010000000000000018 /* AddTrainingSessionSheet.swift in Sources */,
				A10000010000000000000019 /* ProgrammingGoalDetailView.swift in Sources */,
				A10000010000000000000020 /* AddRepositorySheet.swift in Sources */,
				A10000010000000000000021 /* SettingsView.swift in Sources */,
				A10000010000000000000022 /* GoalRowView.swift in Sources */,
				A10000010000000000000023 /* ProgressBarView.swift in Sources */,
				A10000010000000000000024 /* CoverImageView.swift in Sources */,
				A10000010000000000000025 /* EmptyStateView.swift in Sources */,
				A10000010000000000000026 /* BookAPIService.swift in Sources */,
				A10000010000000000000027 /* GitHubAuthService.swift in Sources */,
				A10000010000000000000028 /* GitHubAPIService.swift in Sources */,
				A10000010000000000000029 /* ClaudeService.swift in Sources */,
				A10000010000000000000030 /* KeychainManager.swift in Sources */,
				A10000010000000000000031 /* Constants.swift in Sources */,
				A10000010000000000000032 /* Date+Extensions.swift in Sources */,
				A10000010000000000000033 /* Color+Extensions.swift in Sources */,
				A10000010000000000000034 /* PreviewData.swift in Sources */,
				A10000010000000000000036 /* OverviewView.swift in Sources */,
				A10000010000000000000100 /* ReadingSession.swift in Sources */,
				A10000010000000000000101 /* FitnessGoalType.swift in Sources */,
				A10000010000000000000102 /* FitnessGoalConfig.swift in Sources */,
				A10000010000000000000103 /* PersonalRecord.swift in Sources */,
				A10000010000000000000104 /* AppProject.swift in Sources */,
				A10000010000000000000105 /* RevenueEntry.swift in Sources */,
				A10000010000000000000106 /* StarHistory.swift in Sources */,
				A10000010000000000000110 /* AnimatedProgressRing.swift in Sources */,
				A10000010000000000000111 /* StreakBadge.swift in Sources */,
				A10000010000000000000112 /* TrendIndicator.swift in Sources */,
				A10000010000000000000113 /* SparklineChart.swift in Sources */,
				A10000010000000000000120 /* CurrentlyReadingCard.swift in Sources */,
				A10000010000000000000121 /* ReadingStatsView.swift in Sources */,
				A10000010000000000000122 /* LogReadingSheet.swift in Sources */,
				A10000010000000000000130 /* PersonalRecordsView.swift in Sources */,
				A10000010000000000000131 /* RaceTrainingDashboard.swift in Sources */,
				A10000010000000000000132 /* SetupFitnessGoalSheet.swift in Sources */,
				A10000010000000000000133 /* PaceComparisonCard.swift in Sources */,
				A10000010000000000000134 /* TrainingPhaseTimeline.swift in Sources */,
				A10000010000000000000135 /* WeeklyMileageChart.swift in Sources */,
				A10000010000000000000140 /* AddAppProjectSheet.swift in Sources */,
				A10000010000000000000141 /* AddRevenueSheet.swift in Sources */,
				A10000010000000000000142 /* AppProjectCard.swift in Sources */,
				A10000010000000000000143 /* RevenueChart.swift in Sources */,
				A10000010000000000000144 /* StarTrendChart.swift in Sources */,
			);
			runOnlyForDeploymentPostprocessing = 0;
		};
/* End PBXSourcesBuildPhase section */

/* Begin XCBuildConfiguration section */
		B10000010000000000000001 /* Debug */ = {
			isa = XCBuildConfiguration;
			buildSettings = {
				ALWAYS_SEARCH_USER_PATHS = NO;
				ASSETCATALOG_COMPILER_GENERATE_SWIFT_ASSET_SYMBOL_EXTENSIONS = YES;
				CLANG_ANALYZER_NONNULL = YES;
				CLANG_ANALYZER_NUMBER_OBJECT_CONVERSION = YES_AGGRESSIVE;
				CLANG_CXX_LANGUAGE_STANDARD = "gnu++20";
				CLANG_ENABLE_MODULES = YES;
				CLANG_ENABLE_OBJC_ARC = YES;
				CLANG_ENABLE_OBJC_WEAK = YES;
				CLANG_WARN_BLOCK_CAPTURE_AUTORELEASING = YES;
				CLANG_WARN_BOOL_CONVERSION = YES;
				CLANG_WARN_COMMA = YES;
				CLANG_WARN_CONSTANT_CONVERSION = YES;
				CLANG_WARN_DEPRECATED_OBJC_IMPLEMENTATIONS = YES;
				CLANG_WARN_DIRECT_OBJC_ISA_USAGE = YES_ERROR;
				CLANG_WARN_DOCUMENTATION_COMMENTS = YES;
				CLANG_WARN_EMPTY_BODY = YES;
				CLANG_WARN_ENUM_CONVERSION = YES;
				CLANG_WARN_INFINITE_RECURSION = YES;
				CLANG_WARN_INT_CONVERSION = YES;
				CLANG_WARN_NON_LITERAL_NULL_CONVERSION = YES;
				CLANG_WARN_OBJC_IMPLICIT_RETAIN_SELF = YES;
				CLANG_WARN_OBJC_LITERAL_CONVERSION = YES;
				CLANG_WARN_OBJC_ROOT_CLASS = YES_ERROR;
				CLANG_WARN_QUOTED_INCLUDE_IN_FRAMEWORK_HEADER = YES;
				CLANG_WARN_RANGE_LOOP_ANALYSIS = YES;
				CLANG_WARN_STRICT_PROTOTYPES = YES;
				CLANG_WARN_SUSPICIOUS_MOVE = YES;
				CLANG_WARN_UNGUARDED_AVAILABILITY = YES_AGGRESSIVE;
				CLANG_WARN_UNREACHABLE_CODE = YES;
				CLANG_WARN__DUPLICATE_METHOD_MATCH = YES;
				COPY_PHASE_STRIP = NO;
				DEBUG_INFORMATION_FORMAT = dwarf;
				ENABLE_STRICT_OBJC_MSGSEND = YES;
				ENABLE_TESTABILITY = YES;
				ENABLE_USER_SCRIPT_SANDBOXING = YES;
				GCC_C_LANGUAGE_STANDARD = gnu17;
				GCC_DYNAMIC_NO_PIC = NO;
				GCC_NO_COMMON_BLOCKS = YES;
				GCC_OPTIMIZATION_LEVEL = 0;
				GCC_PREPROCESSOR_DEFINITIONS = (
					"DEBUG=1",
					"$(inherited)",
				);
				GCC_WARN_64_TO_32_BIT_CONVERSION = YES;
				GCC_WARN_ABOUT_RETURN_TYPE = YES_ERROR;
				GCC_WARN_UNDECLARED_SELECTOR = YES;
				GCC_WARN_UNINITIALIZED_AUTOS = YES_AGGRESSIVE;
				GCC_WARN_UNUSED_FUNCTION = YES;
				GCC_WARN_UNUSED_VARIABLE = YES;
				LOCALIZATION_PREFERS_STRING_CATALOGS = YES;
				MACOSX_DEPLOYMENT_TARGET = 14.0;
				MTL_ENABLE_DEBUG_INFO = INCLUDE_SOURCE;
				MTL_FAST_MATH = YES;
				ONLY_ACTIVE_ARCH = YES;
				SDKROOT = macosx;
				SWIFT_ACTIVE_COMPILATION_CONDITIONS = "DEBUG $(inherited)";
				SWIFT_OPTIMIZATION_LEVEL = "-Onone";
			};
			name = Debug;
		};
		B10000010000000000000002 /* Release */ = {
			isa = XCBuildConfiguration;
			buildSettings = {
				ALWAYS_SEARCH_USER_PATHS = NO;
				ASSETCATALOG_COMPILER_GENERATE_SWIFT_ASSET_SYMBOL_EXTENSIONS = YES;
				CLANG_ANALYZER_NONNULL = YES;
				CLANG_ANALYZER_NUMBER_OBJECT_CONVERSION = YES_AGGRESSIVE;
				CLANG_CXX_LANGUAGE_STANDARD = "gnu++20";
				CLANG_ENABLE_MODULES = YES;
				CLANG_ENABLE_OBJC_ARC = YES;
				CLANG_ENABLE_OBJC_WEAK = YES;
				CLANG_WARN_BLOCK_CAPTURE_AUTORELEASING = YES;
				CLANG_WARN_BOOL_CONVERSION = YES;
				CLANG_WARN_COMMA = YES;
				CLANG_WARN_CONSTANT_CONVERSION = YES;
				CLANG_WARN_DEPRECATED_OBJC_IMPLEMENTATIONS = YES;
				CLANG_WARN_DIRECT_OBJC_ISA_USAGE = YES_ERROR;
				CLANG_WARN_DOCUMENTATION_COMMENTS = YES;
				CLANG_WARN_EMPTY_BODY = YES;
				CLANG_WARN_ENUM_CONVERSION = YES;
				CLANG_WARN_INFINITE_RECURSION = YES;
				CLANG_WARN_INT_CONVERSION = YES;
				CLANG_WARN_NON_LITERAL_NULL_CONVERSION = YES;
				CLANG_WARN_OBJC_IMPLICIT_RETAIN_SELF = YES;
				CLANG_WARN_OBJC_LITERAL_CONVERSION = YES;
				CLANG_WARN_OBJC_ROOT_CLASS = YES_ERROR;
				CLANG_WARN_QUOTED_INCLUDE_IN_FRAMEWORK_HEADER = YES;
				CLANG_WARN_RANGE_LOOP_ANALYSIS = YES;
				CLANG_WARN_STRICT_PROTOTYPES = YES;
				CLANG_WARN_SUSPICIOUS_MOVE = YES;
				CLANG_WARN_UNGUARDED_AVAILABILITY = YES_AGGRESSIVE;
				CLANG_WARN_UNREACHABLE_CODE = YES;
				CLANG_WARN__DUPLICATE_METHOD_MATCH = YES;
				COPY_PHASE_STRIP = NO;
				DEBUG_INFORMATION_FORMAT = "dwarf-with-dsym";
				ENABLE_NS_ASSERTIONS = NO;
				ENABLE_STRICT_OBJC_MSGSEND = YES;
				ENABLE_USER_SCRIPT_SANDBOXING = YES;
				GCC_C_LANGUAGE_STANDARD = gnu17;
				GCC_NO_COMMON_BLOCKS = YES;
				GCC_WARN_64_TO_32_BIT_CONVERSION = YES;
				GCC_WARN_ABOUT_RETURN_TYPE = YES_ERROR;
				GCC_WARN_UNDECLARED_SELECTOR = YES;
				GCC_WARN_UNINITIALIZED_AUTOS = YES_AGGRESSIVE;
				GCC_WARN_UNUSED_FUNCTION = YES;
				GCC_WARN_UNUSED_VARIABLE = YES;
				LOCALIZATION_PREFERS_STRING_CATALOGS = YES;
				MACOSX_DEPLOYMENT_TARGET = 14.0;
				MTL_ENABLE_DEBUG_INFO = NO;
				MTL_FAST_MATH = YES;
				SDKROOT = macosx;
				SWIFT_COMPILATION_MODE = wholemodule;
			};
			name = Release;
		};
		B10000010000000000000003 /* Debug */ = {
			isa = XCBuildConfiguration;
			buildSettings = {
				ASSETCATALOG_COMPILER_APPICON_NAME = AppIcon;
				ASSETCATALOG_COMPILER_GLOBAL_ACCENT_COLOR_NAME = AccentColor;
				CODE_SIGN_STYLE = Automatic;
				COMBINE_HIDPI_IMAGES = YES;
				CURRENT_PROJECT_VERSION = 1;
				DEVELOPMENT_ASSET_PATHS = "\"Goals/Preview Content\"";
				ENABLE_HARDENED_RUNTIME = YES;
				ENABLE_PREVIEWS = YES;
				GENERATE_INFOPLIST_FILE = YES;
				INFOPLIST_FILE = Goals/Info.plist;
				INFOPLIST_KEY_CFBundleDisplayName = Goals;
				INFOPLIST_KEY_LSApplicationCategoryType = "public.app-category.productivity";
				INFOPLIST_KEY_NSHumanReadableCopyright = "";
				LD_RUNPATH_SEARCH_PATHS = (
					"$(inherited)",
					"@executable_path/../Frameworks",
				);
				MARKETING_VERSION = 1.0;
				PRODUCT_BUNDLE_IDENTIFIER = com.goals.app;
				PRODUCT_NAME = "$(TARGET_NAME)";
				SWIFT_EMIT_LOC_STRINGS = YES;
				SWIFT_VERSION = 5.0;
			};
			name = Debug;
		};
		B10000010000000000000004 /* Release */ = {
			isa = XCBuildConfiguration;
			buildSettings = {
				ASSETCATALOG_COMPILER_APPICON_NAME = AppIcon;
				ASSETCATALOG_COMPILER_GLOBAL_ACCENT_COLOR_NAME = AccentColor;
				CODE_SIGN_STYLE = Automatic;
				COMBINE_HIDPI_IMAGES = YES;
				CURRENT_PROJECT_VERSION = 1;
				DEVELOPMENT_ASSET_PATHS = "\"Goals/Preview Content\"";
				ENABLE_HARDENED_RUNTIME = YES;
				ENABLE_PREVIEWS = YES;
				GENERATE_INFOPLIST_FILE = YES;
				INFOPLIST_FILE = Goals/Info.plist;
				INFOPLIST_KEY_CFBundleDisplayName = Goals;
				INFOPLIST_KEY_LSApplicationCategoryType = "public.app-category.productivity";
				INFOPLIST_KEY_NSHumanReadableCopyright = "";
				LD_RUNPATH_SEARCH_PATHS = (
					"$(inherited)",
					"@executable_path/../Frameworks",
				);
				MARKETING_VERSION = 1.0;
				PRODUCT_BUNDLE_IDENTIFIER = com.goals.app;
				PRODUCT_NAME = "$(TARGET_NAME)";
				SWIFT_EMIT_LOC_STRINGS = YES;
				SWIFT_VERSION = 5.0;
			};
			name = Release;
		};
/* End XCBuildConfiguration section */

/* Begin XCConfigurationList section */
		A80000010000000000000001 /* Build configuration list for PBXNativeTarget "Goals" */ = {
			isa = XCConfigurationList;
			buildConfigurations = (
				B10000010000000000000003 /* Debug */,
				B10000010000000000000004 /* Release */,
			);
			defaultConfigurationIsVisible = 0;
			defaultConfigurationName = Release;
		};
		A80000010000000000000002 /* Build configuration list for PBXProject "Goals" */ = {
			isa = XCConfigurationList;
			buildConfigurations = (
				B10000010000000000000001 /* Debug */,
				B10000010000000000000002 /* Release */,
			);
			defaultConfigurationIsVisible = 0;
			defaultConfigurationName = Release;
		};
/* End XCConfigurationList section */
	};
	rootObject = A90000010000000000000001 /* Project object */;
}
